
Microsoft Visual Studio Solution File, Format Version 12.00
# Visual Studio Version 16
VisualStudioVersion = 16.0.31025.194
MinimumVisualStudioVersion = 10.0.40219.1
Project("{FAE04EC0-301F-11D3-BF4B-00C04F79EFBC}") = "AgentsManagement", "AgentsManagement\AgentsManagement.csproj", "{530F1946-A416-49ED-8FB6-5908996B8456}"
EndProject
Global
	GlobalSection(SolutionConfigurationPlatforms) = preSolution
		Debug|Any CPU = Debug|Any CPU
		Release|Any CPU = Release|Any CPU
	EndGlobalSection
	GlobalSection(ProjectConfigurationPlatforms) = postSolution
		{530F1946-A416-49ED-8FB6-5908996B8456}.Debug|Any CPU.ActiveCfg = Debug|Any CPU
		{530F1946-A416-49ED-8FB6-5908996B8456}.Debug|Any CPU.Build.0 = Debug|Any CPU
		{530F1946-A416-49ED-8FB6-5908996B8456}.Release|Any CPU.ActiveCfg = Release|Any CPU
		{530F1946-A416-49ED-8FB6-5908996B8456}.Release|Any CPU.Build.0 = Release|Any CPU
	EndGlobalSection
	GlobalSection(SolutionProperties) = preSolution
		HideSolutionNode = FALSE
	EndGlobalSection
	GlobalSection(ExtensibilityGlobals) = postSolution
		SolutionGuid = {657D83A3-D76D-4C02-844E-4266776F9B89}
	EndGlobalSection
EndGlobal
